# This file is automatically @generated by Cargo.
# It is not intended for manual editing.
[[package]]
name = "arrayvec"
version = "0.5.2"
source = "registry+https://github.com/rust-lang/crates.io-index"
checksum = "23b62fc65de8e4e7f52534fb52b0f3ed04746ae267519eef2a83941e8085068b"

[[package]]
name = "autocfg"
version = "1.0.1"
source = "registry+https://github.com/rust-lang/crates.io-index"
checksum = "cdb031dd78e28731d87d56cc8ffef4a8f36ca26c38fe2de700543e627f8a464a"

[[package]]
name = "bitflags"
version = "1.2.1"
source = "registry+https://github.com/rust-lang/crates.io-index"
checksum = "cf1de2fe8c75bc145a2f577add951f8134889b4795d47466a54a5c846d691693"

[[package]]
name = "bstr"
version = "0.2.14"
source = "registry+https://github.com/rust-lang/crates.io-index"
checksum = "473fc6b38233f9af7baa94fb5852dca389e3d95b8e21c8e3719301462c5d9faf"
dependencies = [
 "memchr",
]

[[package]]
name = "cc"
version = "1.0.66"
source = "registry+https://github.com/rust-lang/crates.io-index"
checksum = "4c0496836a84f8d0495758516b8621a622beb77c0fed418570e50764093ced48"

[[package]]
name = "hero_workshop_core"
version = "0.1.0"
dependencies = [
 "arrayvec",
 "protobuf",
 "protobuf-codegen-pure",
 "rlua",
 "rlua_serde",
 "serde",
]

[[package]]
name = "libc"
version = "0.2.81"
source = "registry+https://github.com/rust-lang/crates.io-index"
checksum = "1482821306169ec4d07f6aca392a4681f66c75c9918aa49641a2595db64053cb"

[[package]]
name = "memchr"
version = "2.3.4"
source = "registry+https://github.com/rust-lang/crates.io-index"
checksum = "0ee1c47aaa256ecabcaea351eae4a9b01ef39ed810004e298d2511ed284b1525"

[[package]]
name = "num-traits"
version = "0.2.14"
source = "registry+https://github.com/rust-lang/crates.io-index"
checksum = "9a64b1ec5cda2586e284722486d802acf1f7dbdc623e2bfc57e65ca1cd099290"
dependencies = [
 "autocfg",
]

[[package]]
name = "proc-macro2"
version = "1.0.24"
source = "registry+https://github.com/rust-lang/crates.io-index"
checksum = "1e0704ee1a7e00d7bb417d0770ea303c1bccbabf0ef1667dae92b5967f5f8a71"
dependencies = [
 "unicode-xid",
]

[[package]]
name = "protobuf"
version = "2.18.1"
source = "registry+https://github.com/rust-lang/crates.io-index"
checksum = "da78e04bc0e40f36df43ecc6575e4f4b180e8156c4efd73f13d5619479b05696"
dependencies = [
 "serde",
 "serde_derive",
]

[[package]]
name = "protobuf-codegen"
version = "2.18.1"
source = "registry+https://github.com/rust-lang/crates.io-index"
checksum = "49b2b929363268881afe6d24351e8b711ea5a1901a5e1549d3723ebcc5d3696d"
dependencies = [
 "protobuf",
]

[[package]]
name = "protobuf-codegen-pure"
version = "2.18.1"
source = "registry+https://github.com/rust-lang/crates.io-index"
checksum = "02a4b843fcc85f42b9f717a34481b9a323527f1b6ac62b20776514c044fc7da9"
dependencies = [
 "protobuf",
 "protobuf-codegen",
]

[[package]]
name = "quote"
version = "1.0.8"
source = "registry+https://github.com/rust-lang/crates.io-index"
checksum = "991431c3519a3f36861882da93630ce66b52918dcf1b8e2fd66b397fc96f28df"
dependencies = [
 "proc-macro2",
]

[[package]]
name = "rlua"
version = "0.17.0"
source = "registry+https://github.com/rust-lang/crates.io-index"
checksum = "25fa5b2c667bae0b6218361e96d365e414fe4a0fa80f476b9631aa2dea2c6881"
dependencies = [
 "bitflags",
 "bstr",
 "cc",
 "libc",
 "num-traits",
]

[[package]]
name = "rlua_serde"
version = "0.4.0"
source = "registry+https://github.com/rust-lang/crates.io-index"
checksum = "46e57c8c7bfcc5f18a46ddaf0c6a0d6a5c083ce9e6d185d4093bf98e640d256b"
dependencies = [
 "rlua",
 "serde",
]

[[package]]
name = "serde"
version = "1.0.118"
source = "registry+https://github.com/rust-lang/crates.io-index"
checksum = "06c64263859d87aa2eb554587e2d23183398d617427327cf2b3d0ed8c69e4800"
dependencies = [
 "serde_derive",
]

[[package]]
name = "serde_derive"
version = "1.0.118"
source = "registry+https://github.com/rust-lang/crates.io-index"
checksum = "c84d3526699cd55261af4b941e4e725444df67aa4f9e6a3564f18030d12672df"
dependencies = [
 "proc-macro2",
 "quote",
 "syn",
]

[[package]]
name = "syn"
version = "1.0.56"
source = "registry+https://github.com/rust-lang/crates.io-index"
checksum = "a9802ddde94170d186eeee5005b798d9c159fa970403f1be19976d0cfb939b72"
dependencies = [
 "proc-macro2",
 "quote",
 "unicode-xid",
]

[[package]]
name = "unicode-xid"
version = "0.2.1"
source = "registry+https://github.com/rust-lang/crates.io-index"
checksum = "f7fe0bb3479651439c9112f72b6c505038574c9fbb575ed1bf3b797fa39dd564"
